
Microsoft Visual Studio Solution File, Format Version 12.00
# Visual Studio Version 17
VisualStudioVersion = 17.10.34902.84
MinimumVisualStudioVersion = 10.0.40219.1
Project("{9A19103F-16F7-4668-BE54-9A1E7A4F7556}") = "Harsha-MVC-26", "Harsha-MVC-26\Harsha-MVC-26.csproj", "{33395701-9E77-4533-AB7E-A7611EF87101}"
EndProject
Project("{9A19103F-16F7-4668-BE54-9A1E7A4F7556}") = "Harsha-MVC-Essentials-26", "Harsha-MVC-Essentials-26\Harsha-MVC-Essentials-26.csproj", "{CB7C7970-3AA7-4236-A62A-0B8364BBAE46}"
EndProject
Project("{9A19103F-16F7-4668-BE54-9A1E7A4F7556}") = "Services", "Services\Services.csproj", "{791A008C-E42D-43DA-A8AA-6517A87E8D2E}"
EndProject
Project("{9A19103F-16F7-4668-BE54-9A1E7A4F7556}") = "ServiceContracts", "ServiceContracts\ServiceContracts.csproj", "{FBD47874-2625-47C0-95B4-9CEFD35656A7}"
EndProject
Project("{9A19103F-16F7-4668-BE54-9A1E7A4F7556}") = "Configuration And HttpClient", "Configuration And HttpClient\Configuration And HttpClient.csproj", "{ED846412-D4CB-4730-AFDB-B516E42B5801}"
EndProject
Project("{9A19103F-16F7-4668-BE54-9A1E7A4F7556}") = "CRUD Operations", "CRUD Operations\CRUD Operations.csproj", "{D883FE9E-F416-49BB-9FC1-9534A5E296A2}"
EndProject
Project("{9A19103F-16F7-4668-BE54-9A1E7A4F7556}") = "Entities", "Entities\Entities.csproj", "{14F85CE9-42D1-48C1-8DDA-B2BD40CBE80F}"
EndProject
Project("{FAE04EC0-301F-11D3-BF4B-00C04F79EFBC}") = "CRUD Tests", "CRUD Tests\CRUD Tests.csproj", "{FFC63D64-F911-43C5-835D-88ED227A136F}"
EndProject
Global
	GlobalSection(SolutionConfigurationPlatforms) = preSolution
		Debug|Any CPU = Debug|Any CPU
		Release|Any CPU = Release|Any CPU
	EndGlobalSection
	GlobalSection(ProjectConfigurationPlatforms) = postSolution
		{33395701-9E77-4533-AB7E-A7611EF87101}.Debug|Any CPU.ActiveCfg = Debug|Any CPU
		{33395701-9E77-4533-AB7E-A7611EF87101}.Debug|Any CPU.Build.0 = Debug|Any CPU
		{33395701-9E77-4533-AB7E-A7611EF87101}.Release|Any CPU.ActiveCfg = Release|Any CPU
		{33395701-9E77-4533-AB7E-A7611EF87101}.Release|Any CPU.Build.0 = Release|Any CPU
		{CB7C7970-3AA7-4236-A62A-0B8364BBAE46}.Debug|Any CPU.ActiveCfg = Debug|Any CPU
		{CB7C7970-3AA7-4236-A62A-0B8364BBAE46}.Debug|Any CPU.Build.0 = Debug|Any CPU
		{CB7C7970-3AA7-4236-A62A-0B8364BBAE46}.Release|Any CPU.ActiveCfg = Release|Any CPU
		{CB7C7970-3AA7-4236-A62A-0B8364BBAE46}.Release|Any CPU.Build.0 = Release|Any CPU
		{791A008C-E42D-43DA-A8AA-6517A87E8D2E}.Debug|Any CPU.ActiveCfg = Debug|Any CPU
		{791A008C-E42D-43DA-A8AA-6517A87E8D2E}.Debug|Any CPU.Build.0 = Debug|Any CPU
		{791A008C-E42D-43DA-A8AA-6517A87E8D2E}.Release|Any CPU.ActiveCfg = Release|Any CPU
		{791A008C-E42D-43DA-A8AA-6517A87E8D2E}.Release|Any CPU.Build.0 = Release|Any CPU
		{FBD47874-2625-47C0-95B4-9CEFD35656A7}.Debug|Any CPU.ActiveCfg = Debug|Any CPU
		{FBD47874-2625-47C0-95B4-9CEFD35656A7}.Debug|Any CPU.Build.0 = Debug|Any CPU
		{FBD47874-2625-47C0-95B4-9CEFD35656A7}.Release|Any CPU.ActiveCfg = Release|Any CPU
		{FBD47874-2625-47C0-95B4-9CEFD35656A7}.Release|Any CPU.Build.0 = Release|Any CPU
		{ED846412-D4CB-4730-AFDB-B516E42B5801}.Debug|Any CPU.ActiveCfg = Debug|Any CPU
		{ED846412-D4CB-4730-AFDB-B516E42B5801}.Debug|Any CPU.Build.0 = Debug|Any CPU
		{ED846412-D4CB-4730-AFDB-B516E42B5801}.Release|Any CPU.ActiveCfg = Release|Any CPU
		{ED846412-D4CB-4730-AFDB-B516E42B5801}.Release|Any CPU.Build.0 = Release|Any CPU
		{D883FE9E-F416-49BB-9FC1-9534A5E296A2}.Debug|Any CPU.ActiveCfg = Debug|Any CPU
		{D883FE9E-F416-49BB-9FC1-9534A5E296A2}.Debug|Any CPU.Build.0 = Debug|Any CPU
		{D883FE9E-F416-49BB-9FC1-9534A5E296A2}.Release|Any CPU.ActiveCfg = Release|Any CPU
		{D883FE9E-F416-49BB-9FC1-9534A5E296A2}.Release|Any CPU.Build.0 = Release|Any CPU
		{14F85CE9-42D1-48C1-8DDA-B2BD40CBE80F}.Debug|Any CPU.ActiveCfg = Debug|Any CPU
		{14F85CE9-42D1-48C1-8DDA-B2BD40CBE80F}.Debug|Any CPU.Build.0 = Debug|Any CPU
		{14F85CE9-42D1-48C1-8DDA-B2BD40CBE80F}.Release|Any CPU.ActiveCfg = Release|Any CPU
		{14F85CE9-42D1-48C1-8DDA-B2BD40CBE80F}.Release|Any CPU.Build.0 = Release|Any CPU
		{FFC63D64-F911-43C5-835D-88ED227A136F}.Debug|Any CPU.ActiveCfg = Debug|Any CPU
		{FFC63D64-F911-43C5-835D-88ED227A136F}.Debug|Any CPU.Build.0 = Debug|Any CPU
		{FFC63D64-F911-43C5-835D-88ED227A136F}.Release|Any CPU.ActiveCfg = Release|Any CPU
		{FFC63D64-F911-43C5-835D-88ED227A136F}.Release|Any CPU.Build.0 = Release|Any CPU
	EndGlobalSection
	GlobalSection(SolutionProperties) = preSolution
		HideSolutionNode = FALSE
	EndGlobalSection
	GlobalSection(ExtensibilityGlobals) = postSolution
		SolutionGuid = {E554665C-4C1B-4A18-88DD-1190398027E0}
	EndGlobalSection
EndGlobal
