
Microsoft Visual Studio Solution File, Format Version 12.00
# Visual Studio Version 17
VisualStudioVersion = 17.10.34902.84
MinimumVisualStudioVersion = 10.0.40219.1
Project("{9A19103F-16F7-4668-BE54-9A1E7A4F7556}") = "harsha-mvc", "harsha-mvc.csproj", "{743F9BBF-75C9-42A7-8D38-E3EF9C2A0D8D}"
EndProject
Global
	GlobalSection(SolutionConfigurationPlatforms) = preSolution
		Debug|Any CPU = Debug|Any CPU
		Release|Any CPU = Release|Any CPU
	EndGlobalSection
	GlobalSection(ProjectConfigurationPlatforms) = postSolution
		{743F9BBF-75C9-42A7-8D38-E3EF9C2A0D8D}.Debug|Any CPU.ActiveCfg = Debug|Any CPU
		{743F9BBF-75C9-42A7-8D38-E3EF9C2A0D8D}.Debug|Any CPU.Build.0 = Debug|Any CPU
		{743F9BBF-75C9-42A7-8D38-E3EF9C2A0D8D}.Release|Any CPU.ActiveCfg = Release|Any CPU
		{743F9BBF-75C9-42A7-8D38-E3EF9C2A0D8D}.Release|Any CPU.Build.0 = Release|Any CPU
	EndGlobalSection
	GlobalSection(SolutionProperties) = preSolution
		HideSolutionNode = FALSE
	EndGlobalSection
	GlobalSection(ExtensibilityGlobals) = postSolution
		SolutionGuid = {69316E4B-2CC7-4F55-BFFA-183012D1C472}
	EndGlobalSection
EndGlobal
